
Microsoft Visual Studio Solution File, Format Version 12.00
# Visual Studio Version 17
VisualStudioVersion = 17.4.33122.133
MinimumVisualStudioVersion = 10.0.40219.1
Project("{9A19103F-16F7-4668-BE54-9A1E7A4F7556}") = "E-Ticaret", "E-Ticaret\E-Ticaret.csproj", "{37420DEC-C0C0-4644-BCA8-E8E2032A1898}"
EndProject
Project("{9A19103F-16F7-4668-BE54-9A1E7A4F7556}") = "E-Ticaret.Data", "E-Ticaret.Data\E-Ticaret.Data.csproj", "{151224DB-B91C-451D-BEA5-014A0677956E}"
EndProject
Project("{9A19103F-16F7-4668-BE54-9A1E7A4F7556}") = "E-Ticaret.Models", "E-Ticaret.Models\E-Ticaret.Models.csproj", "{2559CD52-C12F-4C19-8D53-A4C76767026A}"
EndProject
Project("{FAE04EC0-301F-11D3-BF4B-00C04F79EFBC}") = "SharedTools", "SharedTools\SharedTools.csproj", "{5E1F9406-4234-42C1-A1F7-600DB25A0493}"
EndProject
Global
	GlobalSection(SolutionConfigurationPlatforms) = preSolution
		Debug|Any CPU = Debug|Any CPU
		Release|Any CPU = Release|Any CPU
	EndGlobalSection
	GlobalSection(ProjectConfigurationPlatforms) = postSolution
		{37420DEC-C0C0-4644-BCA8-E8E2032A1898}.Debug|Any CPU.ActiveCfg = Debug|Any CPU
		{37420DEC-C0C0-4644-BCA8-E8E2032A1898}.Debug|Any CPU.Build.0 = Debug|Any CPU
		{37420DEC-C0C0-4644-BCA8-E8E2032A1898}.Release|Any CPU.ActiveCfg = Release|Any CPU
		{37420DEC-C0C0-4644-BCA8-E8E2032A1898}.Release|Any CPU.Build.0 = Release|Any CPU
		{151224DB-B91C-451D-BEA5-014A0677956E}.Debug|Any CPU.ActiveCfg = Debug|Any CPU
		{151224DB-B91C-451D-BEA5-014A0677956E}.Debug|Any CPU.Build.0 = Debug|Any CPU
		{151224DB-B91C-451D-BEA5-014A0677956E}.Release|Any CPU.ActiveCfg = Release|Any CPU
		{151224DB-B91C-451D-BEA5-014A0677956E}.Release|Any CPU.Build.0 = Release|Any CPU
		{2559CD52-C12F-4C19-8D53-A4C76767026A}.Debug|Any CPU.ActiveCfg = Debug|Any CPU
		{2559CD52-C12F-4C19-8D53-A4C76767026A}.Debug|Any CPU.Build.0 = Debug|Any CPU
		{2559CD52-C12F-4C19-8D53-A4C76767026A}.Release|Any CPU.ActiveCfg = Release|Any CPU
		{2559CD52-C12F-4C19-8D53-A4C76767026A}.Release|Any CPU.Build.0 = Release|Any CPU
		{5E1F9406-4234-42C1-A1F7-600DB25A0493}.Debug|Any CPU.ActiveCfg = Debug|Any CPU
		{5E1F9406-4234-42C1-A1F7-600DB25A0493}.Debug|Any CPU.Build.0 = Debug|Any CPU
		{5E1F9406-4234-42C1-A1F7-600DB25A0493}.Release|Any CPU.ActiveCfg = Release|Any CPU
		{5E1F9406-4234-42C1-A1F7-600DB25A0493}.Release|Any CPU.Build.0 = Release|Any CPU
	EndGlobalSection
	GlobalSection(SolutionProperties) = preSolution
		HideSolutionNode = FALSE
	EndGlobalSection
	GlobalSection(ExtensibilityGlobals) = postSolution
		SolutionGuid = {D925546C-6576-407E-9389-CEDE5F67A827}
	EndGlobalSection
EndGlobal
