
Microsoft Visual Studio Solution File, Format Version 12.00
# Visual Studio Version 17
VisualStudioVersion = 17.4.33122.133
MinimumVisualStudioVersion = 10.0.40219.1
Project("{FAE04EC0-301F-11D3-BF4B-00C04F79EFBC}") = "e_ticket", "e_ticket\e_ticket.csproj", "{9250642C-3B0E-432D-9758-9E9E1195BA58}"
EndProject
Global
	GlobalSection(SolutionConfigurationPlatforms) = preSolution
		Debug|Any CPU = Debug|Any CPU
		Release|Any CPU = Release|Any CPU
	EndGlobalSection
	GlobalSection(ProjectConfigurationPlatforms) = postSolution
		{9250642C-3B0E-432D-9758-9E9E1195BA58}.Debug|Any CPU.ActiveCfg = Debug|Any CPU
		{9250642C-3B0E-432D-9758-9E9E1195BA58}.Debug|Any CPU.Build.0 = Debug|Any CPU
		{9250642C-3B0E-432D-9758-9E9E1195BA58}.Release|Any CPU.ActiveCfg = Release|Any CPU
		{9250642C-3B0E-432D-9758-9E9E1195BA58}.Release|Any CPU.Build.0 = Release|Any CPU
	EndGlobalSection
	GlobalSection(SolutionProperties) = preSolution
		HideSolutionNode = FALSE
	EndGlobalSection
	GlobalSection(ExtensibilityGlobals) = postSolution
		SolutionGuid = {B58E066F-6E8F-424A-AAE8-6AB17500CDD5}
	EndGlobalSection
EndGlobal
